
Microsoft Visual Studio Solution File, Format Version 12.00
# Visual Studio Version 16
VisualStudioVersion = 16.0.31515.178
MinimumVisualStudioVersion = 10.0.40219.1
Project("{FAE04EC0-301F-11D3-BF4B-00C04F79EFBC}") = "TODOApplication1", "TODOApplication1.csproj", "{B6CFDB51-D2C8-4103-BC13-1FA481485ABE}"
EndProject
Global
	GlobalSection(SolutionConfigurationPlatforms) = preSolution
		Debug|Any CPU = Debug|Any CPU
		Release|Any CPU = Release|Any CPU
	EndGlobalSection
	GlobalSection(ProjectConfigurationPlatforms) = postSolution
		{B6CFDB51-D2C8-4103-BC13-1FA481485ABE}.Debug|Any CPU.ActiveCfg = Debug|Any CPU
		{B6CFDB51-D2C8-4103-BC13-1FA481485ABE}.Debug|Any CPU.Build.0 = Debug|Any CPU
		{B6CFDB51-D2C8-4103-BC13-1FA481485ABE}.Release|Any CPU.ActiveCfg = Release|Any CPU
		{B6CFDB51-D2C8-4103-BC13-1FA481485ABE}.Release|Any CPU.Build.0 = Release|Any CPU
	EndGlobalSection
	GlobalSection(SolutionProperties) = preSolution
		HideSolutionNode = FALSE
	EndGlobalSection
	GlobalSection(ExtensibilityGlobals) = postSolution
		SolutionGuid = {F259DF88-9BBF-4F28-866D-D7AAC7166839}
	EndGlobalSection
EndGlobal
